
Microsoft Visual Studio Solution File, Format Version 12.00
# Visual Studio Version 17
VisualStudioVersion = 17.8.34330.188
MinimumVisualStudioVersion = 10.0.40219.1
Project("{FAE04EC0-301F-11D3-BF4B-00C04F79EFBC}") = "WebGentleWebApi", "WebGentleWebApi\WebGentleWebApi.csproj", "{9D76653F-58CA-4EB2-BDBD-21B138D8D41E}"
EndProject
Global
	GlobalSection(SolutionConfigurationPlatforms) = preSolution
		Debug|Any CPU = Debug|Any CPU
		Release|Any CPU = Release|Any CPU
	EndGlobalSection
	GlobalSection(ProjectConfigurationPlatforms) = postSolution
		{9D76653F-58CA-4EB2-BDBD-21B138D8D41E}.Debug|Any CPU.ActiveCfg = Debug|Any CPU
		{9D76653F-58CA-4EB2-BDBD-21B138D8D41E}.Debug|Any CPU.Build.0 = Debug|Any CPU
		{9D76653F-58CA-4EB2-BDBD-21B138D8D41E}.Release|Any CPU.ActiveCfg = Release|Any CPU
		{9D76653F-58CA-4EB2-BDBD-21B138D8D41E}.Release|Any CPU.Build.0 = Release|Any CPU
	EndGlobalSection
	GlobalSection(SolutionProperties) = preSolution
		HideSolutionNode = FALSE
	EndGlobalSection
	GlobalSection(ExtensibilityGlobals) = postSolution
		SolutionGuid = {3472FE71-1791-46BA-AEA6-C0C46659050C}
	EndGlobalSection
EndGlobal
