
Microsoft Visual Studio Solution File, Format Version 12.00
# Visual Studio Version 17
VisualStudioVersion = 17.8.34330.188
MinimumVisualStudioVersion = 10.0.40219.1
Project("{FAE04EC0-301F-11D3-BF4B-00C04F79EFBC}") = "CustomModelBinder", "CustomModelBinder\CustomModelBinder.csproj", "{338F5B52-33C4-48D1-959B-10F4E67EBA0A}"
EndProject
Global
	GlobalSection(SolutionConfigurationPlatforms) = preSolution
		Debug|Any CPU = Debug|Any CPU
		Release|Any CPU = Release|Any CPU
	EndGlobalSection
	GlobalSection(ProjectConfigurationPlatforms) = postSolution
		{338F5B52-33C4-48D1-959B-10F4E67EBA0A}.Debug|Any CPU.ActiveCfg = Debug|Any CPU
		{338F5B52-33C4-48D1-959B-10F4E67EBA0A}.Debug|Any CPU.Build.0 = Debug|Any CPU
		{338F5B52-33C4-48D1-959B-10F4E67EBA0A}.Release|Any CPU.ActiveCfg = Release|Any CPU
		{338F5B52-33C4-48D1-959B-10F4E67EBA0A}.Release|Any CPU.Build.0 = Release|Any CPU
	EndGlobalSection
	GlobalSection(SolutionProperties) = preSolution
		HideSolutionNode = FALSE
	EndGlobalSection
	GlobalSection(ExtensibilityGlobals) = postSolution
		SolutionGuid = {4CEE1554-1CCF-48E1-B21C-B1792FEB51CD}
	EndGlobalSection
EndGlobal
